
Microsoft Visual Studio Solution File, Format Version 12.00
# Visual Studio 14
VisualStudioVersion = 14.0.24720.0
MinimumVisualStudioVersion = 10.0.40219.1
Project("{FAE04EC0-301F-11D3-BF4B-00C04F79EFBC}") = "LojaNinja.MVC", "LojaDosNinjas\LojaNinja.MVC.csproj", "{46FB6970-8EEF-4F02-B9EC-756674C1B469}"
EndProject
Project("{2150E333-8FDC-42A3-9474-1A3956D46DE8}") = "1 - UI", "1 - UI", "{B3898157-83DA-4837-8646-550F3B183449}"
EndProject
Project("{2150E333-8FDC-42A3-9474-1A3956D46DE8}") = "2 - Domínio", "2 - Domínio", "{4F4B329C-B9D0-4B17-AFE7-186A76D51F7E}"
EndProject
Project("{2150E333-8FDC-42A3-9474-1A3956D46DE8}") = "3 - Infraestrutura", "3 - Infraestrutura", "{5EE324D6-511D-4029-BBF9-3846D9471F7F}"
EndProject
Global
	GlobalSection(SolutionConfigurationPlatforms) = preSolution
		Debug|Any CPU = Debug|Any CPU
		Release|Any CPU = Release|Any CPU
	EndGlobalSection
	GlobalSection(ProjectConfigurationPlatforms) = postSolution
		{46FB6970-8EEF-4F02-B9EC-756674C1B469}.Debug|Any CPU.ActiveCfg = Debug|Any CPU
		{46FB6970-8EEF-4F02-B9EC-756674C1B469}.Debug|Any CPU.Build.0 = Debug|Any CPU
		{46FB6970-8EEF-4F02-B9EC-756674C1B469}.Release|Any CPU.ActiveCfg = Release|Any CPU
		{46FB6970-8EEF-4F02-B9EC-756674C1B469}.Release|Any CPU.Build.0 = Release|Any CPU
	EndGlobalSection
	GlobalSection(SolutionProperties) = preSolution
		HideSolutionNode = FALSE
	EndGlobalSection
	GlobalSection(NestedProjects) = preSolution
		{46FB6970-8EEF-4F02-B9EC-756674C1B469} = {B3898157-83DA-4837-8646-550F3B183449}
	EndGlobalSection
EndGlobal
